
Microsoft Visual Studio Solution File, Format Version 12.00
# Visual Studio 2012
Project("{FAE04EC0-301F-11D3-BF4B-00C04F79EFBC}") = "Vivacity.Console", "Vivacity.Console\Vivacity.Console.csproj", "{D4881A06-891D-48E9-B030-9BF4139D6510}"
EndProject
Project("{FAE04EC0-301F-11D3-BF4B-00C04F79EFBC}") = "Vivacity.Library", "Vivacity.Library\Vivacity.Library.csproj", "{73BFAF89-85AA-4913-9222-D547945BAE3B}"
EndProject
Project("{FAE04EC0-301F-11D3-BF4B-00C04F79EFBC}") = "Vivacity.Library.Test", "Vivacity.Library.Test\Vivacity.Library.Test.csproj", "{F186960B-79BA-420F-9962-36A4A275D6BD}"
EndProject
Project("{FAE04EC0-301F-11D3-BF4B-00C04F79EFBC}") = "Cod2d", "Cod2d\Cod2d.csproj", "{CE91B228-76EE-466D-93CE-50061DCB60AB}"
EndProject
Global
	GlobalSection(SolutionConfigurationPlatforms) = preSolution
		Debug|x86 = Debug|x86
		Release|x86 = Release|x86
	EndGlobalSection
	GlobalSection(ProjectConfigurationPlatforms) = postSolution
		{73BFAF89-85AA-4913-9222-D547945BAE3B}.Debug|x86.ActiveCfg = Debug|Any CPU
		{73BFAF89-85AA-4913-9222-D547945BAE3B}.Debug|x86.Build.0 = Debug|Any CPU
		{73BFAF89-85AA-4913-9222-D547945BAE3B}.Release|x86.ActiveCfg = Release|Any CPU
		{73BFAF89-85AA-4913-9222-D547945BAE3B}.Release|x86.Build.0 = Release|Any CPU
		{CE91B228-76EE-466D-93CE-50061DCB60AB}.Debug|x86.ActiveCfg = Debug|x86
		{CE91B228-76EE-466D-93CE-50061DCB60AB}.Debug|x86.Build.0 = Debug|x86
		{CE91B228-76EE-466D-93CE-50061DCB60AB}.Release|x86.ActiveCfg = Release|x86
		{CE91B228-76EE-466D-93CE-50061DCB60AB}.Release|x86.Build.0 = Release|x86
		{D4881A06-891D-48E9-B030-9BF4139D6510}.Debug|x86.ActiveCfg = Debug|x86
		{D4881A06-891D-48E9-B030-9BF4139D6510}.Debug|x86.Build.0 = Debug|x86
		{D4881A06-891D-48E9-B030-9BF4139D6510}.Release|x86.ActiveCfg = Release|x86
		{D4881A06-891D-48E9-B030-9BF4139D6510}.Release|x86.Build.0 = Release|x86
		{F186960B-79BA-420F-9962-36A4A275D6BD}.Debug|x86.ActiveCfg = Debug|Any CPU
		{F186960B-79BA-420F-9962-36A4A275D6BD}.Debug|x86.Build.0 = Debug|Any CPU
		{F186960B-79BA-420F-9962-36A4A275D6BD}.Release|x86.ActiveCfg = Release|Any CPU
		{F186960B-79BA-420F-9962-36A4A275D6BD}.Release|x86.Build.0 = Release|Any CPU
	EndGlobalSection
EndGlobal
